// !$*UTF8*$!
{
	archiveVersion = 1;
	classes = {
	};
	objectVersion = 50;
	objects = {

/* Begin PBXBuildFile section */
		B16386E62301EABD006B0FCD /* AppDelegate.swift in Sources */ = {isa = PBXBuildFile; fileRef = B16386E52301EABD006B0FCD /* AppDelegate.swift */; };
		B16386EB2301EABD006B0FCD /* Main.storyboard in Resources */ = {isa = PBXBuildFile; fileRef = B16386E92301EABD006B0FCD /* Main.storyboard */; };
		B16386ED2301EAC0006B0FCD /* Assets.xcassets in Resources */ = {isa = PBXBuildFile; fileRef = B16386EC2301EAC0006B0FCD /* Assets.xcassets */; };
		B16386F02301EAC0006B0FCD /* LaunchScreen.storyboard in Resources */ = {isa = PBXBuildFile; fileRef = B16386EE2301EAC0006B0FCD /* LaunchScreen.storyboard */; };
		B16386FB2301EAC0006B0FCD /* TablePracticeTests.swift in Sources */ = {isa = PBXBuildFile; fileRef = B16386FA2301EAC0006B0FCD /* TablePracticeTests.swift */; };
		B16387062301EAC0006B0FCD /* TablePracticeUITests.swift in Sources */ = {isa = PBXBuildFile; fileRef = B16387052301EAC0006B0FCD /* TablePracticeUITests.swift */; };
		B16387162301F1FD006B0FCD /* DogBreedsTableViewController.swift in Sources */ = {isa = PBXBuildFile; fileRef = B16387152301F1FD006B0FCD /* DogBreedsTableViewController.swift */; };
/* End PBXBuildFile section */

/* Begin PBXContainerItemProxy section */
		B16386F72301EAC0006B0FCD /* PBXContainerItemProxy */ = {
			isa = PBXContainerItemProxy;
			containerPortal = B16386DA2301EABD006B0FCD /* Project object */;
			proxyType = 1;
			remoteGlobalIDString = B16386E12301EABD006B0FCD;
			remoteInfo = TablePractice;
		};
		B16387022301EAC0006B0FCD /* PBXContainerItemProxy */ = {
			isa = PBXContainerItemProxy;
			containerPortal = B16386DA2301EABD006B0FCD /* Project object */;
			proxyType = 1;
			remoteGlobalIDString = B16386E12301EABD006B0FCD;
			remoteInfo = TablePractice;
		};
/* End PBXContainerItemProxy section */

/* Begin PBXFileReference section */
		B16386E22301EABD006B0FCD /* TablePractice.app */ = {isa = PBXFileReference; explicitFileType = wrapper.application; includeInIndex = 0; path = TablePractice.app; sourceTree = BUILT_PRODUCTS_DIR; };
		B16386E52301EABD006B0FCD /* AppDelegate.swift */ = {isa = PBXFileReference; lastKnownFileType = sourcecode.swift; path = AppDelegate.swift; sourceTree = "<group>"; };
		B16386EA2301EABD006B0FCD /* Base */ = {isa = PBXFileReference; lastKnownFileType = file.storyboard; name = Base; path = Base.lproj/Main.storyboard; sourceTree = "<group>"; };
		B16386EC2301EAC0006B0FCD /* Assets.xcassets */ = {isa = PBXFileReference; lastKnownFileType = folder.assetcatalog; path = Assets.xcassets; sourceTree = "<group>"; };
		B16386EF2301EAC0006B0FCD /* Base */ = {isa = PBXFileReference; lastKnownFileType = file.storyboard; name = Base; path = Base.lproj/LaunchScreen.storyboard; sourceTree = "<group>"; };
		B16386F12301EAC0006B0FCD /* Info.plist */ = {isa = PBXFileReference; lastKnownFileType = text.plist.xml; path = Info.plist; sourceTree = "<group>"; };
		B16386F62301EAC0006B0FCD /* TablePracticeTests.xctest */ = {isa = PBXFileReference; explicitFileType = wrapper.cfbundle; includeInIndex = 0; path = TablePracticeTests.xctest; sourceTree = BUILT_PRODUCTS_DIR; };
		B16386FA2301EAC0006B0FCD /* TablePracticeTests.swift */ = {isa = PBXFileReference; lastKnownFileType = sourcecode.swift; path = TablePracticeTests.swift; sourceTree = "<group>"; };
		B16386FC2301EAC0006B0FCD /* Info.plist */ = {isa = PBXFileReference; lastKnownFileType = text.plist.xml; path = Info.plist; sourceTree = "<group>"; };
		B16387012301EAC0006B0FCD /* TablePracticeUITests.xctest */ = {isa = PBXFileReference; explicitFileType = wrapper.cfbundle; includeInIndex = 0; path = TablePracticeUITests.xctest; sourceTree = BUILT_PRODUCTS_DIR; };
		B16387052301EAC0006B0FCD /* TablePracticeUITests.swift */ = {isa = PBXFileReference; lastKnownFileType = sourcecode.swift; path = TablePracticeUITests.swift; sourceTree = "<group>"; };
		B16387072301EAC0006B0FCD /* Info.plist */ = {isa = PBXFileReference; lastKnownFileType = text.plist.xml; path = Info.plist; sourceTree = "<group>"; };
		B16387152301F1FD006B0FCD /* DogBreedsTableViewController.swift */ = {isa = PBXFileReference; lastKnownFileType = sourcecode.swift; path = DogBreedsTableViewController.swift; sourceTree = "<group>"; };
/* End PBXFileReference section */

/* Begin PBXFrameworksBuildPhase section */
		B16386DF2301EABD006B0FCD /* Frameworks */ = {
			isa = PBXFrameworksBuildPhase;
			buildActionMask = 2147483647;
			files = (
			);
			runOnlyForDeploymentPostprocessing = 0;
		};
		B16386F32301EAC0006B0FCD /* Frameworks */ = {
			isa = PBXFrameworksBuildPhase;
			buildActionMask = 2147483647;
			files = (
			);
			runOnlyForDeploymentPostprocessing = 0;
		};
		B16386FE2301EAC0006B0FCD /* Frameworks */ = {
			isa = PBXFrameworksBuildPhase;
			buildActionMask = 2147483647;
			files = (
			);
			runOnlyForDeploymentPostprocessing = 0;
		};
/* End PBXFrameworksBuildPhase section */

/* Begin PBXGroup section */
		B16386D92301EABD006B0FCD = {
			isa = PBXGroup;
			children = (
				B16386E42301EABD006B0FCD /* TablePractice */,
				B16386F92301EAC0006B0FCD /* TablePracticeTests */,
				B16387042301EAC0006B0FCD /* TablePracticeUITests */,
				B16386E32301EABD006B0FCD /* Products */,
			);
			sourceTree = "<group>";
		};
		B16386E32301EABD006B0FCD /* Products */ = {
			isa = PBXGroup;
			children = (
				B16386E22301EABD006B0FCD /* TablePractice.app */,
				B16386F62301EAC0006B0FCD /* TablePracticeTests.xctest */,
				B16387012301EAC0006B0FCD /* TablePracticeUITests.xctest */,
			);
			name = Products;
			sourceTree = "<group>";
		};
		B16386E42301EABD006B0FCD /* TablePractice */ = {
			isa = PBXGroup;
			children = (
				B16386E52301EABD006B0FCD /* AppDelegate.swift */,
				B16386E92301EABD006B0FCD /* Main.storyboard */,
				B16386EC2301EAC0006B0FCD /* Assets.xcassets */,
				B16386EE2301EAC0006B0FCD /* LaunchScreen.storyboard */,
				B16386F12301EAC0006B0FCD /* Info.plist */,
				B16387152301F1FD006B0FCD /* DogBreedsTableViewController.swift */,
			);
			path = TablePractice;
			sourceTree = "<group>";
		};
		B16386F92301EAC0006B0FCD /* TablePracticeTests */ = {
			isa = PBXGroup;
			children = (
				B16386FA2301EAC0006B0FCD /* TablePracticeTests.swift */,
				B16386FC2301EAC0006B0FCD /* Info.plist */,
			);
			path = TablePracticeTests;
			sourceTree = "<group>";
		};
		B16387042301EAC0006B0FCD /* TablePracticeUITests */ = {
			isa = PBXGroup;
			children = (
				B16387052301EAC0006B0FCD /* TablePracticeUITests.swift */,
				B16387072301EAC0006B0FCD /* Info.plist */,
			);
			path = TablePracticeUITests;
			sourceTree = "<group>";
		};
/* End PBXGroup section */

/* Begin PBXNativeTarget section */
		B16386E12301EABD006B0FCD /* TablePractice */ = {
			isa = PBXNativeTarget;
			buildConfigurationList = B163870A2301EAC0006B0FCD /* Build configuration list for PBXNativeTarget "TablePractice" */;
			buildPhases = (
				B16386DE2301EABD006B0FCD /* Sources */,
				B16386DF2301EABD006B0FCD /* Frameworks */,
				B16386E02301EABD006B0FCD /* Resources */,
			);
			buildRules = (
			);
			dependencies = (
			);
			name = TablePractice;
			productName = TablePractice;
			productReference = B16386E22301EABD006B0FCD /* TablePractice.app */;
			productType = "com.apple.product-type.application";
		};
		B16386F52301EAC0006B0FCD /* TablePracticeTests */ = {
			isa = PBXNativeTarget;
			buildConfigurationList = B163870D2301EAC0006B0FCD /* Build configuration list for PBXNativeTarget "TablePracticeTests" */;
			buildPhases = (
				B16386F22301EAC0006B0FCD /* Sources */,
				B16386F32301EAC0006B0FCD /* Frameworks */,
				B16386F42301EAC0006B0FCD /* Resources */,
			);
			buildRules = (
			);
			dependencies = (
				B16386F82301EAC0006B0FCD /* PBXTargetDependency */,
			);
			name = TablePracticeTests;
			productName = TablePracticeTests;
			productReference = B16386F62301EAC0006B0FCD /* TablePracticeTests.xctest */;
			productType = "com.apple.product-type.bundle.unit-test";
		};
		B16387002301EAC0006B0FCD /* TablePracticeUITests */ = {
			isa = PBXNativeTarget;
			buildConfigurationList = B16387102301EAC0006B0FCD /* Build configuration list for PBXNativeTarget "TablePracticeUITests" */;
			buildPhases = (
				B16386FD2301EAC0006B0FCD /* Sources */,
				B16386FE2301EAC0006B0FCD /* Frameworks */,
				B16386FF2301EAC0006B0FCD /* Resources */,
			);
			buildRules = (
			);
			dependencies = (
				B16387032301EAC0006B0FCD /* PBXTargetDependency */,
			);
			name = TablePracticeUITests;
			productName = TablePracticeUITests;
			productReference = B16387012301EAC0006B0FCD /* TablePracticeUITests.xctest */;
			productType = "com.apple.product-type.bundle.ui-testing";
		};
/* End PBXNativeTarget section */

/* Begin PBXProject section */
		B16386DA2301EABD006B0FCD /* Project object */ = {
			isa = PBXProject;
			attributes = {
				LastSwiftUpdateCheck = 1020;
				LastUpgradeCheck = 1020;
				ORGANIZATIONNAME = "Gia Schreitmueller";
				TargetAttributes = {
					B16386E12301EABD006B0FCD = {
						CreatedOnToolsVersion = 10.2.1;
					};
					B16386F52301EAC0006B0FCD = {
						CreatedOnToolsVersion = 10.2.1;
						TestTargetID = B16386E12301EABD006B0FCD;
					};
					B16387002301EAC0006B0FCD = {
						CreatedOnToolsVersion = 10.2.1;
						TestTargetID = B16386E12301EABD006B0FCD;
					};
				};
			};
			buildConfigurationList = B16386DD2301EABD006B0FCD /* Build configuration list for PBXProject "TablePractice" */;
			compatibilityVersion = "Xcode 9.3";
			developmentRegion = en;
			hasScannedForEncodings = 0;
			knownRegions = (
				en,
				Base,
			);
			mainGroup = B16386D92301EABD006B0FCD;
			productRefGroup = B16386E32301EABD006B0FCD /* Products */;
			projectDirPath = "";
			projectRoot = "";
			targets = (
				B16386E12301EABD006B0FCD /* TablePractice */,
				B16386F52301EAC0006B0FCD /* TablePracticeTests */,
				B16387002301EAC0006B0FCD /* TablePracticeUITests */,
			);
		};
/* End PBXProject section */

/* Begin PBXResourcesBuildPhase section */
		B16386E02301EABD006B0FCD /* Resources */ = {
			isa = PBXResourcesBuildPhase;
			buildActionMask = 2147483647;
			files = (
				B16386F02301EAC0006B0FCD /* LaunchScreen.storyboard in Resources */,
				B16386ED2301EAC0006B0FCD /* Assets.xcassets in Resources */,
				B16386EB2301EABD006B0FCD /* Main.storyboard in Resources */,
			);
			runOnlyForDeploymentPostprocessing = 0;
		};
		B16386F42301EAC0006B0FCD /* Resources */ = {
			isa = PBXResourcesBuildPhase;
			buildActionMask = 2147483647;
			files = (
			);
			runOnlyForDeploymentPostprocessing = 0;
		};
		B16386FF2301EAC0006B0FCD /* Resources */ = {
			isa = PBXResourcesBuildPhase;
			buildActionMask = 2147483647;
			files = (
			);
			runOnlyForDeploymentPostprocessing = 0;
		};
/* End PBXResourcesBuildPhase section */

/* Begin PBXSourcesBuildPhase section */
		B16386DE2301EABD006B0FCD /* Sources */ = {
			isa = PBXSourcesBuildPhase;
			buildActionMask = 2147483647;
			files = (
				B16386E62301EABD006B0FCD /* AppDelegate.swift in Sources */,
				B16387162301F1FD006B0FCD /* DogBreedsTableViewController.swift in Sources */,
			);
			runOnlyForDeploymentPostprocessing = 0;
		};
		B16386F22301EAC0006B0FCD /* Sources */ = {
			isa = PBXSourcesBuildPhase;
			buildActionMask = 2147483647;
			files = (
				B16386FB2301EAC0006B0FCD /* TablePracticeTests.swift in Sources */,
			);
			runOnlyForDeploymentPostprocessing = 0;
		};
		B16386FD2301EAC0006B0FCD /* Sources */ = {
			isa = PBXSourcesBuildPhase;
			buildActionMask = 2147483647;
			files = (
				B16387062301EAC0006B0FCD /* TablePracticeUITests.swift in Sources */,
			);
			runOnlyForDeploymentPostprocessing = 0;
		};
/* End PBXSourcesBuildPhase section */

/* Begin PBXTargetDependency section */
		B16386F82301EAC0006B0FCD /* PBXTargetDependency */ = {
			isa = PBXTargetDependency;
			target = B16386E12301EABD006B0FCD /* TablePractice */;
			targetProxy = B16386F72301EAC0006B0FCD /* PBXContainerItemProxy */;
		};
		B16387032301EAC0006B0FCD /* PBXTargetDependency */ = {
			isa = PBXTargetDependency;
			target = B16386E12301EABD006B0FCD /* TablePractice */;
			targetProxy = B16387022301EAC0006B0FCD /* PBXContainerItemProxy */;
		};
/* End PBXTargetDependency section */

/* Begin PBXVariantGroup section */
		B16386E92301EABD006B0FCD /* Main.storyboard */ = {
			isa = PBXVariantGroup;
			children = (
				B16386EA2301EABD006B0FCD /* Base */,
			);
			name = Main.storyboard;
			sourceTree = "<group>";
		};
		B16386EE2301EAC0006B0FCD /* LaunchScreen.storyboard */ = {
			isa = PBXVariantGroup;
			children = (
				B16386EF2301EAC0006B0FCD /* Base */,
			);
			name = LaunchScreen.storyboard;
			sourceTree = "<group>";
		};
/* End PBXVariantGroup section */

/* Begin XCBuildConfiguration section */
		B16387082301EAC0006B0FCD /* Debug */ = {
			isa = XCBuildConfiguration;
			buildSettings = {
				ALWAYS_SEARCH_USER_PATHS = NO;
				CLANG_ANALYZER_NONNULL = YES;
				CLANG_ANALYZER_NUMBER_OBJECT_CONVERSION = YES_AGGRESSIVE;
				CLANG_CXX_LANGUAGE_STANDARD = "gnu++14";
				CLANG_CXX_LIBRARY = "libc++";
				CLANG_ENABLE_MODULES = YES;
				CLANG_ENABLE_OBJC_ARC = YES;
				CLANG_ENABLE_OBJC_WEAK = YES;
				CLANG_WARN_BLOCK_CAPTURE_AUTORELEASING = YES;
				CLANG_WARN_BOOL_CONVERSION = YES;
				CLANG_WARN_COMMA = YES;
				CLANG_WARN_CONSTANT_CONVERSION = YES;
				CLANG_WARN_DEPRECATED_OBJC_IMPLEMENTATIONS = YES;
				CLANG_WARN_DIRECT_OBJC_ISA_USAGE = YES_ERROR;
				CLANG_WARN_DOCUMENTATION_COMMENTS = YES;
				CLANG_WARN_EMPTY_BODY = YES;
				CLANG_WARN_ENUM_CONVERSION = YES;
				CLANG_WARN_INFINITE_RECURSION = YES;
				CLANG_WARN_INT_CONVERSION = YES;
				CLANG_WARN_NON_LITERAL_NULL_CONVERSION = YES;
				CLANG_WARN_OBJC_IMPLICIT_RETAIN_SELF = YES;
				CLANG_WARN_OBJC_LITERAL_CONVERSION = YES;
				CLANG_WARN_OBJC_ROOT_CLASS = YES_ERROR;
				CLANG_WARN_RANGE_LOOP_ANALYSIS = YES;
				CLANG_WARN_STRICT_PROTOTYPES = YES;
				CLANG_WARN_SUSPICIOUS_MOVE = YES;
				CLANG_WARN_UNGUARDED_AVAILABILITY = YES_AGGRESSIVE;
				CLANG_WARN_UNREACHABLE_CODE = YES;
				CLANG_WARN__DUPLICATE_METHOD_MATCH = YES;
				CODE_SIGN_IDENTITY = "iPhone Developer";
				COPY_PHASE_STRIP = NO;
				DEBUG_INFORMATION_FORMAT = dwarf;
				ENABLE_STRICT_OBJC_MSGSEND = YES;
				ENABLE_TESTABILITY = YES;
				GCC_C_LANGUAGE_STANDARD = gnu11;
				GCC_DYNAMIC_NO_PIC = NO;
				GCC_NO_COMMON_BLOCKS = YES;
				GCC_OPTIMIZATION_LEVEL = 0;
				GCC_PREPROCESSOR_DEFINITIONS = (
					"DEBUG=1",
					"$(inherited)",
				);
				GCC_WARN_64_TO_32_BIT_CONVERSION = YES;
				GCC_WARN_ABOUT_RETURN_TYPE = YES_ERROR;
				GCC_WARN_UNDECLARED_SELECTOR = YES;
				GCC_WARN_UNINITIALIZED_AUTOS = YES_AGGRESSIVE;
				GCC_WARN_UNUSED_FUNCTION = YES;
				GCC_WARN_UNUSED_VARIABLE = YES;
				IPHONEOS_DEPLOYMENT_TARGET = 12.2;
				MTL_ENABLE_DEBUG_INFO = INCLUDE_SOURCE;
				MTL_FAST_MATH = YES;
				ONLY_ACTIVE_ARCH = YES;
				SDKROOT = iphoneos;
				SWIFT_ACTIVE_COMPILATION_CONDITIONS = DEBUG;
				SWIFT_OPTIMIZATION_LEVEL = "-Onone";
			};
			name = Debug;
		};
		B16387092301EAC0006B0FCD /* Release */ = {
			isa = XCBuildConfiguration;
			buildSettings = {
				ALWAYS_SEARCH_USER_PATHS = NO;
				CLANG_ANALYZER_NONNULL = YES;
				CLANG_ANALYZER_NUMBER_OBJECT_CONVERSION = YES_AGGRESSIVE;
				CLANG_CXX_LANGUAGE_STANDARD = "gnu++14";
				CLANG_CXX_LIBRARY = "libc++";
				CLANG_ENABLE_MODULES = YES;
				CLANG_ENABLE_OBJC_ARC = YES;
				CLANG_ENABLE_OBJC_WEAK = YES;
				CLANG_WARN_BLOCK_CAPTURE_AUTORELEASING = YES;
				CLANG_WARN_BOOL_CONVERSION = YES;
				CLANG_WARN_COMMA = YES;
				CLANG_WARN_CONSTANT_CONVERSION = YES;
				CLANG_WARN_DEPRECATED_OBJC_IMPLEMENTATIONS = YES;
				CLANG_WARN_DIRECT_OBJC_ISA_USAGE = YES_ERROR;
				CLANG_WARN_DOCUMENTATION_COMMENTS = YES;
				CLANG_WARN_EMPTY_BODY = YES;
				CLANG_WARN_ENUM_CONVERSION = YES;
				CLANG_WARN_INFINITE_RECURSION = YES;
				CLANG_WARN_INT_CONVERSION = YES;
				CLANG_WARN_NON_LITERAL_NULL_CONVERSION = YES;
				CLANG_WARN_OBJC_IMPLICIT_RETAIN_SELF = YES;
				CLANG_WARN_OBJC_LITERAL_CONVERSION = YES;
				CLANG_WARN_OBJC_ROOT_CLASS = YES_ERROR;
				CLANG_WARN_RANGE_LOOP_ANALYSIS = YES;
				CLANG_WARN_STRICT_PROTOTYPES = YES;
				CLANG_WARN_SUSPICIOUS_MOVE = YES;
				CLANG_WARN_UNGUARDED_AVAILABILITY = YES_AGGRESSIVE;
				CLANG_WARN_UNREACHABLE_CODE = YES;
				CLANG_WARN__DUPLICATE_METHOD_MATCH = YES;
				CODE_SIGN_IDENTITY = "iPhone Developer";
				COPY_PHASE_STRIP = NO;
				DEBUG_INFORMATION_FORMAT = "dwarf-with-dsym";
				ENABLE_NS_ASSERTIONS = NO;
				ENABLE_STRICT_OBJC_MSGSEND = YES;
				GCC_C_LANGUAGE_STANDARD = gnu11;
				GCC_NO_COMMON_BLOCKS = YES;
				GCC_WARN_64_TO_32_BIT_CONVERSION = YES;
				GCC_WARN_ABOUT_RETURN_TYPE = YES_ERROR;
				GCC_WARN_UNDECLARED_SELECTOR = YES;
				GCC_WARN_UNINITIALIZED_AUTOS = YES_AGGRESSIVE;
				GCC_WARN_UNUSED_FUNCTION = YES;
				GCC_WARN_UNUSED_VARIABLE = YES;
				IPHONEOS_DEPLOYMENT_TARGET = 12.2;
				MTL_ENABLE_DEBUG_INFO = NO;
				MTL_FAST_MATH = YES;
				SDKROOT = iphoneos;
				SWIFT_COMPILATION_MODE = wholemodule;
				SWIFT_OPTIMIZATION_LEVEL = "-O";
				VALIDATE_PRODUCT = YES;
			};
			name = Release;
		};
		B163870B2301EAC0006B0FCD /* Debug */ = {
			isa = XCBuildConfiguration;
			buildSettings = {
				ASSETCATALOG_COMPILER_APPICON_NAME = AppIcon;
				CODE_SIGN_STYLE = Automatic;
				INFOPLIST_FILE = TablePractice/Info.plist;
				LD_RUNPATH_SEARCH_PATHS = (
					"$(inherited)",
					"@executable_path/Frameworks",
				);
				PRODUCT_BUNDLE_IDENTIFIER = KWK.TablePractice;
				PRODUCT_NAME = "$(TARGET_NAME)";
				SWIFT_VERSION = 5.0;
				TARGETED_DEVICE_FAMILY = "1,2";
			};
			name = Debug;
		};
		B163870C2301EAC0006B0FCD /* Release */ = {
			isa = XCBuildConfiguration;
			buildSettings = {
				ASSETCATALOG_COMPILER_APPICON_NAME = AppIcon;
				CODE_SIGN_STYLE = Automatic;
				INFOPLIST_FILE = TablePractice/Info.plist;
				LD_RUNPATH_SEARCH_PATHS = (
					"$(inherited)",
					"@executable_path/Frameworks",
				);
				PRODUCT_BUNDLE_IDENTIFIER = KWK.TablePractice;
				PRODUCT_NAME = "$(TARGET_NAME)";
				SWIFT_VERSION = 5.0;
				TARGETED_DEVICE_FAMILY = "1,2";
			};
			name = Release;
		};
		B163870E2301EAC0006B0FCD /* Debug */ = {
			isa = XCBuildConfiguration;
			buildSettings = {
				ALWAYS_EMBED_SWIFT_STANDARD_LIBRARIES = YES;
				BUNDLE_LOADER = "$(TEST_HOST)";
				CODE_SIGN_STYLE = Automatic;
				INFOPLIST_FILE = TablePracticeTests/Info.plist;
				LD_RUNPATH_SEARCH_PATHS = (
					"$(inherited)",
					"@executable_path/Frameworks",
					"@loader_path/Frameworks",
				);
				PRODUCT_BUNDLE_IDENTIFIER = KWK.TablePracticeTests;
				PRODUCT_NAME = "$(TARGET_NAME)";
				SWIFT_VERSION = 5.0;
				TARGETED_DEVICE_FAMILY = "1,2";
				TEST_HOST = "$(BUILT_PRODUCTS_DIR)/TablePractice.app/TablePractice";
			};
			name = Debug;
		};
		B163870F2301EAC0006B0FCD /* Release */ = {
			isa = XCBuildConfiguration;
			buildSettings = {
				ALWAYS_EMBED_SWIFT_STANDARD_LIBRARIES = YES;
				BUNDLE_LOADER = "$(TEST_HOST)";
				CODE_SIGN_STYLE = Automatic;
				INFOPLIST_FILE = TablePracticeTests/Info.plist;
				LD_RUNPATH_SEARCH_PATHS = (
					"$(inherited)",
					"@executable_path/Frameworks",
					"@loader_path/Frameworks",
				);
				PRODUCT_BUNDLE_IDENTIFIER = KWK.TablePracticeTests;
				PRODUCT_NAME = "$(TARGET_NAME)";
				SWIFT_VERSION = 5.0;
				TARGETED_DEVICE_FAMILY = "1,2";
				TEST_HOST = "$(BUILT_PRODUCTS_DIR)/TablePractice.app/TablePractice";
			};
			name = Release;
		};
		B16387112301EAC0006B0FCD /* Debug */ = {
			isa = XCBuildConfiguration;
			buildSettings = {
				ALWAYS_EMBED_SWIFT_STANDARD_LIBRARIES = YES;
				CODE_SIGN_STYLE = Automatic;
				INFOPLIST_FILE = TablePracticeUITests/Info.plist;
				LD_RUNPATH_SEARCH_PATHS = (
					"$(inherited)",
					"@executable_path/Frameworks",
					"@loader_path/Frameworks",
				);
				PRODUCT_BUNDLE_IDENTIFIER = KWK.TablePracticeUITests;
				PRODUCT_NAME = "$(TARGET_NAME)";
				SWIFT_VERSION = 5.0;
				TARGETED_DEVICE_FAMILY = "1,2";
				TEST_TARGET_NAME = TablePractice;
			};
			name = Debug;
		};
		B16387122301EAC0006B0FCD /* Release */ = {
			isa = XCBuildConfiguration;
			buildSettings = {
				ALWAYS_EMBED_SWIFT_STANDARD_LIBRARIES = YES;
				CODE_SIGN_STYLE = Automatic;
				INFOPLIST_FILE = TablePracticeUITests/Info.plist;
				LD_RUNPATH_SEARCH_PATHS = (
					"$(inherited)",
					"@executable_path/Frameworks",
					"@loader_path/Frameworks",
				);
				PRODUCT_BUNDLE_IDENTIFIER = KWK.TablePracticeUITests;
				PRODUCT_NAME = "$(TARGET_NAME)";
				SWIFT_VERSION = 5.0;
				TARGETED_DEVICE_FAMILY = "1,2";
				TEST_TARGET_NAME = TablePractice;
			};
			name = Release;
		};
/* End XCBuildConfiguration section */

/* Begin XCConfigurationList section */
		B16386DD2301EABD006B0FCD /* Build configuration list for PBXProject "TablePractice" */ = {
			isa = XCConfigurationList;
			buildConfigurations = (
				B16387082301EAC0006B0FCD /* Debug */,
				B16387092301EAC0006B0FCD /* Release */,
			);
			defaultConfigurationIsVisible = 0;
			defaultConfigurationName = Release;
		};
		B163870A2301EAC0006B0FCD /* Build configuration list for PBXNativeTarget "TablePractice" */ = {
			isa = XCConfigurationList;
			buildConfigurations = (
				B163870B2301EAC0006B0FCD /* Debug */,
				B163870C2301EAC0006B0FCD /* Release */,
			);
			defaultConfigurationIsVisible = 0;
			defaultConfigurationName = Release;
		};
		B163870D2301EAC0006B0FCD /* Build configuration list for PBXNativeTarget "TablePracticeTests" */ = {
			isa = XCConfigurationList;
			buildConfigurations = (
				B163870E2301EAC0006B0FCD /* Debug */,
				B163870F2301EAC0006B0FCD /* Release */,
			);
			defaultConfigurationIsVisible = 0;
			defaultConfigurationName = Release;
		};
		B16387102301EAC0006B0FCD /* Build configuration list for PBXNativeTarget "TablePracticeUITests" */ = {
			isa = XCConfigurationList;
			buildConfigurations = (
				B16387112301EAC0006B0FCD /* Debug */,
				B16387122301EAC0006B0FCD /* Release */,
			);
			defaultConfigurationIsVisible = 0;
			defaultConfigurationName = Release;
		};
/* End XCConfigurationList section */
	};
	rootObject = B16386DA2301EABD006B0FCD /* Project object */;
}
